// !$*UTF8*$!
{
	archiveVersion = 1;
	classes = {
	};
	objectVersion = 56;
	objects = {

/* Begin PBXBuildFile section */
		9526C4E32B077DDE00352DD5 /* TrackManager.swift in Sources */ = {isa = PBXBuildFile; fileRef = 9526C4E22B077DDE00352DD5 /* TrackManager.swift */; };
		9526C4E52B07985B00352DD5 /* TrackSlider.swift in Sources */ = {isa = PBXBuildFile; fileRef = 9526C4E42B07985B00352DD5 /* TrackSlider.swift */; };
		9526C4E72B07E4E900352DD5 /* MapViewRouter.swift in Sources */ = {isa = PBXBuildFile; fileRef = 9526C4E62B07E4E900352DD5 /* MapViewRouter.swift */; };
		9526C4FE2B07E85900352DD5 /* GoogleMaps.bundle in Resources */ = {isa = PBXBuildFile; fileRef = 9526C4FD2B07E85900352DD5 /* GoogleMaps.bundle */; };
		9526C5022B07E8CF00352DD5 /* GoogleMapsBase.xcframework in Frameworks */ = {isa = PBXBuildFile; fileRef = 9526C4FF2B07E8CF00352DD5 /* GoogleMapsBase.xcframework */; };
		9526C5042B07E8D100352DD5 /* GoogleMapsCore.xcframework in Frameworks */ = {isa = PBXBuildFile; fileRef = 9526C5002B07E8CF00352DD5 /* GoogleMapsCore.xcframework */; };
		9526C5092B07E8DC00352DD5 /* GoogleMaps.xcframework in Frameworks */ = {isa = PBXBuildFile; fileRef = 9526C5012B07E8CF00352DD5 /* GoogleMaps.xcframework */; };
		952CC0CE2B022E9A0036BABF /* SkifTestDmitrievApp.swift in Sources */ = {isa = PBXBuildFile; fileRef = 952CC0CD2B022E9A0036BABF /* SkifTestDmitrievApp.swift */; };
		952CC0D02B022E9A0036BABF /* ContentView.swift in Sources */ = {isa = PBXBuildFile; fileRef = 952CC0CF2B022E9A0036BABF /* ContentView.swift */; };
		952CC0D22B022E9C0036BABF /* Assets.xcassets in Resources */ = {isa = PBXBuildFile; fileRef = 952CC0D12B022E9C0036BABF /* Assets.xcassets */; };
		952CC0D52B022E9C0036BABF /* Preview Assets.xcassets in Resources */ = {isa = PBXBuildFile; fileRef = 952CC0D42B022E9C0036BABF /* Preview Assets.xcassets */; };
		952CC0E92B0233590036BABF /* Accelerate.framework in Frameworks */ = {isa = PBXBuildFile; fileRef = 952CC0E82B0233590036BABF /* Accelerate.framework */; };
		952CC0EB2B0233630036BABF /* CoreData.framework in Frameworks */ = {isa = PBXBuildFile; fileRef = 952CC0EA2B0233630036BABF /* CoreData.framework */; };
		952CC0ED2B02336B0036BABF /* CoreGraphics.framework in Frameworks */ = {isa = PBXBuildFile; fileRef = 952CC0EC2B02336B0036BABF /* CoreGraphics.framework */; };
		952CC0EF2B0233730036BABF /* CoreImage.framework in Frameworks */ = {isa = PBXBuildFile; fileRef = 952CC0EE2B0233730036BABF /* CoreImage.framework */; };
		952CC0F12B02337A0036BABF /* CoreLocation.framework in Frameworks */ = {isa = PBXBuildFile; fileRef = 952CC0F02B02337A0036BABF /* CoreLocation.framework */; };
		952CC0F32B0233810036BABF /* CoreTelephony.framework in Frameworks */ = {isa = PBXBuildFile; fileRef = 952CC0F22B0233810036BABF /* CoreTelephony.framework */; };
		952CC0F52B0233880036BABF /* CoreText.framework in Frameworks */ = {isa = PBXBuildFile; fileRef = 952CC0F42B0233880036BABF /* CoreText.framework */; };
		952CC0F72B0233910036BABF /* GLKit.framework in Frameworks */ = {isa = PBXBuildFile; fileRef = 952CC0F62B0233910036BABF /* GLKit.framework */; };
		952CC0F92B0233980036BABF /* ImageIO.framework in Frameworks */ = {isa = PBXBuildFile; fileRef = 952CC0F82B0233980036BABF /* ImageIO.framework */; };
		952CC0FB2B0233A00036BABF /* libc++.tbd in Frameworks */ = {isa = PBXBuildFile; fileRef = 952CC0FA2B0233A00036BABF /* libc++.tbd */; };
		952CC0FD2B0233A60036BABF /* libz.tbd in Frameworks */ = {isa = PBXBuildFile; fileRef = 952CC0FC2B0233A60036BABF /* libz.tbd */; };
		952CC0FF2B0233AC0036BABF /* Metal.framework in Frameworks */ = {isa = PBXBuildFile; fileRef = 952CC0FE2B0233AC0036BABF /* Metal.framework */; };
		952CC1012B0233B20036BABF /* OpenGLES.framework in Frameworks */ = {isa = PBXBuildFile; fileRef = 952CC1002B0233B20036BABF /* OpenGLES.framework */; };
		952CC1032B0233B70036BABF /* QuartzCore.framework in Frameworks */ = {isa = PBXBuildFile; fileRef = 952CC1022B0233B70036BABF /* QuartzCore.framework */; };
		952CC1052B0233BE0036BABF /* SystemConfiguration.framework in Frameworks */ = {isa = PBXBuildFile; fileRef = 952CC1042B0233BE0036BABF /* SystemConfiguration.framework */; };
		952CC1122B023BDB0036BABF /* Config.xcconfig in Resources */ = {isa = PBXBuildFile; fileRef = 952CC10F2B023A9F0036BABF /* Config.xcconfig */; };
		952CC1192B023EBD0036BABF /* UIKit.framework in Frameworks */ = {isa = PBXBuildFile; fileRef = 952CC1182B023EBD0036BABF /* UIKit.framework */; };
		952CC11B2B023FFA0036BABF /* MapViewControllerBridge.swift in Sources */ = {isa = PBXBuildFile; fileRef = 952CC11A2B023FFA0036BABF /* MapViewControllerBridge.swift */; };
		952CC11D2B02404D0036BABF /* MapViewController.swift in Sources */ = {isa = PBXBuildFile; fileRef = 952CC11C2B02404D0036BABF /* MapViewController.swift */; };
		952CC11F2B0241AF0036BABF /* TrackInfoView.swift in Sources */ = {isa = PBXBuildFile; fileRef = 952CC11E2B0241AF0036BABF /* TrackInfoView.swift */; };
		952CC1212B0244230036BABF /* TrackSliderView.swift in Sources */ = {isa = PBXBuildFile; fileRef = 952CC1202B0244230036BABF /* TrackSliderView.swift */; };
		952CC1242B02457E0036BABF /* AppColors.swift in Sources */ = {isa = PBXBuildFile; fileRef = 952CC1232B02457E0036BABF /* AppColors.swift */; };
		952CC1282B0299E90036BABF /* AppFonts.swift in Sources */ = {isa = PBXBuildFile; fileRef = 952CC1272B0299E90036BABF /* AppFonts.swift */; };
		952CC12A2B029B5F0036BABF /* TrackControlView.swift in Sources */ = {isa = PBXBuildFile; fileRef = 952CC1292B029B5F0036BABF /* TrackControlView.swift */; };
		952CC12C2B029FCE0036BABF /* TrackPlaySpeed.swift in Sources */ = {isa = PBXBuildFile; fileRef = 952CC12B2B029FCE0036BABF /* TrackPlaySpeed.swift */; };
		952CC12E2B02A8B90036BABF /* ObserverView.swift in Sources */ = {isa = PBXBuildFile; fileRef = 952CC12D2B02A8B90036BABF /* ObserverView.swift */; };
		952CC1302B02AE890036BABF /* ZoomControlView.swift in Sources */ = {isa = PBXBuildFile; fileRef = 952CC12F2B02AE890036BABF /* ZoomControlView.swift */; };
		952CC1362B0340680036BABF /* Speed.swift in Sources */ = {isa = PBXBuildFile; fileRef = 952CC1352B0340680036BABF /* Speed.swift */; };
		952CC13A2B0343090036BABF /* SpeedLegendView.swift in Sources */ = {isa = PBXBuildFile; fileRef = 952CC1392B0343090036BABF /* SpeedLegendView.swift */; };
		952CC1482B037ABD0036BABF /* LocationPoint.swift in Sources */ = {isa = PBXBuildFile; fileRef = 952CC1472B037ABD0036BABF /* LocationPoint.swift */; };
		952CC14A2B0380010036BABF /* ContentViewModel.swift in Sources */ = {isa = PBXBuildFile; fileRef = 952CC1492B0380010036BABF /* ContentViewModel.swift */; };
		952CC14E2B03909B0036BABF /* ZoomControl.swift in Sources */ = {isa = PBXBuildFile; fileRef = 952CC14D2B03909B0036BABF /* ZoomControl.swift */; };
		952CC1532B04864C0036BABF /* DateExtension.swift in Sources */ = {isa = PBXBuildFile; fileRef = 952CC1522B04864C0036BABF /* DateExtension.swift */; };
		952CC1592B04B5350036BABF /* LoadingView.swift in Sources */ = {isa = PBXBuildFile; fileRef = 952CC1582B04B5350036BABF /* LoadingView.swift */; };
		952CC15D2B04BEC90036BABF /* PopupView.swift in Sources */ = {isa = PBXBuildFile; fileRef = 952CC15C2B04BEC90036BABF /* PopupView.swift */; };
		952CC15F2B04E0780036BABF /* Track.swift in Sources */ = {isa = PBXBuildFile; fileRef = 952CC15E2B04E0780036BABF /* Track.swift */; };
		952CC1612B04EB320036BABF /* CustomLabel.swift in Sources */ = {isa = PBXBuildFile; fileRef = 952CC1602B04EB320036BABF /* CustomLabel.swift */; };
		952CC1632B053CBD0036BABF /* CLLocationCoordinate2DExtension.swift in Sources */ = {isa = PBXBuildFile; fileRef = 952CC1622B053CBD0036BABF /* CLLocationCoordinate2DExtension.swift */; };
		952CC1652B05E74E0036BABF /* MapViewCoordinator.swift in Sources */ = {isa = PBXBuildFile; fileRef = 952CC1642B05E74E0036BABF /* MapViewCoordinator.swift */; };
		9581765E2B08902600AE8E25 /* ViewExtension.swift in Sources */ = {isa = PBXBuildFile; fileRef = 9581765D2B08902600AE8E25 /* ViewExtension.swift */; };
		958176602B08904E00AE8E25 /* EdgeBorder.swift in Sources */ = {isa = PBXBuildFile; fileRef = 9581765F2B08904E00AE8E25 /* EdgeBorder.swift */; };
		958176622B0890CD00AE8E25 /* AppLayout.swift in Sources */ = {isa = PBXBuildFile; fileRef = 958176612B0890CD00AE8E25 /* AppLayout.swift */; };
		958176642B08914B00AE8E25 /* TrackContentView.swift in Sources */ = {isa = PBXBuildFile; fileRef = 958176632B08914B00AE8E25 /* TrackContentView.swift */; };
		958176662B089AEC00AE8E25 /* LoadingProgress.swift in Sources */ = {isa = PBXBuildFile; fileRef = 958176652B089AEC00AE8E25 /* LoadingProgress.swift */; };
		958176682B08A63100AE8E25 /* PrepareTrackOperation.swift in Sources */ = {isa = PBXBuildFile; fileRef = 958176672B08A63100AE8E25 /* PrepareTrackOperation.swift */; };
/* End PBXBuildFile section */

/* Begin PBXFileReference section */
		9526C4E22B077DDE00352DD5 /* TrackManager.swift */ = {isa = PBXFileReference; lastKnownFileType = sourcecode.swift; path = TrackManager.swift; sourceTree = "<group>"; };
		9526C4E42B07985B00352DD5 /* TrackSlider.swift */ = {isa = PBXFileReference; lastKnownFileType = sourcecode.swift; path = TrackSlider.swift; sourceTree = "<group>"; };
		9526C4E62B07E4E900352DD5 /* MapViewRouter.swift */ = {isa = PBXFileReference; lastKnownFileType = sourcecode.swift; path = MapViewRouter.swift; sourceTree = "<group>"; };
		9526C4FD2B07E85900352DD5 /* GoogleMaps.bundle */ = {isa = PBXFileReference; lastKnownFileType = "wrapper.plug-in"; path = GoogleMaps.bundle; sourceTree = "<group>"; };
		9526C4FF2B07E8CF00352DD5 /* GoogleMapsBase.xcframework */ = {isa = PBXFileReference; lastKnownFileType = wrapper.xcframework; path = GoogleMapsBase.xcframework; sourceTree = "<group>"; };
		9526C5002B07E8CF00352DD5 /* GoogleMapsCore.xcframework */ = {isa = PBXFileReference; lastKnownFileType = wrapper.xcframework; path = GoogleMapsCore.xcframework; sourceTree = "<group>"; };
		9526C5012B07E8CF00352DD5 /* GoogleMaps.xcframework */ = {isa = PBXFileReference; lastKnownFileType = wrapper.xcframework; path = GoogleMaps.xcframework; sourceTree = "<group>"; };
		952CC0CA2B022E9A0036BABF /* SkifTestDmitriev.app */ = {isa = PBXFileReference; explicitFileType = wrapper.application; includeInIndex = 0; path = SkifTestDmitriev.app; sourceTree = BUILT_PRODUCTS_DIR; };
		952CC0CD2B022E9A0036BABF /* SkifTestDmitrievApp.swift */ = {isa = PBXFileReference; lastKnownFileType = sourcecode.swift; path = SkifTestDmitrievApp.swift; sourceTree = "<group>"; };
		952CC0CF2B022E9A0036BABF /* ContentView.swift */ = {isa = PBXFileReference; lastKnownFileType = sourcecode.swift; path = ContentView.swift; sourceTree = "<group>"; };
		952CC0D12B022E9C0036BABF /* Assets.xcassets */ = {isa = PBXFileReference; lastKnownFileType = folder.assetcatalog; path = Assets.xcassets; sourceTree = "<group>"; };
		952CC0D42B022E9C0036BABF /* Preview Assets.xcassets */ = {isa = PBXFileReference; lastKnownFileType = folder.assetcatalog; path = "Preview Assets.xcassets"; sourceTree = "<group>"; };
		952CC0E82B0233590036BABF /* Accelerate.framework */ = {isa = PBXFileReference; lastKnownFileType = wrapper.framework; name = Accelerate.framework; path = System/Library/Frameworks/Accelerate.framework; sourceTree = SDKROOT; };
		952CC0EA2B0233630036BABF /* CoreData.framework */ = {isa = PBXFileReference; lastKnownFileType = wrapper.framework; name = CoreData.framework; path = System/Library/Frameworks/CoreData.framework; sourceTree = SDKROOT; };
		952CC0EC2B02336B0036BABF /* CoreGraphics.framework */ = {isa = PBXFileReference; lastKnownFileType = wrapper.framework; name = CoreGraphics.framework; path = System/Library/Frameworks/CoreGraphics.framework; sourceTree = SDKROOT; };
		952CC0EE2B0233730036BABF /* CoreImage.framework */ = {isa = PBXFileReference; lastKnownFileType = wrapper.framework; name = CoreImage.framework; path = System/Library/Frameworks/CoreImage.framework; sourceTree = SDKROOT; };
		952CC0F02B02337A0036BABF /* CoreLocation.framework */ = {isa = PBXFileReference; lastKnownFileType = wrapper.framework; name = CoreLocation.framework; path = System/Library/Frameworks/CoreLocation.framework; sourceTree = SDKROOT; };
		952CC0F22B0233810036BABF /* CoreTelephony.framework */ = {isa = PBXFileReference; lastKnownFileType = wrapper.framework; name = CoreTelephony.framework; path = System/Library/Frameworks/CoreTelephony.framework; sourceTree = SDKROOT; };
		952CC0F42B0233880036BABF /* CoreText.framework */ = {isa = PBXFileReference; lastKnownFileType = wrapper.framework; name = CoreText.framework; path = System/Library/Frameworks/CoreText.framework; sourceTree = SDKROOT; };
		952CC0F62B0233910036BABF /* GLKit.framework */ = {isa = PBXFileReference; lastKnownFileType = wrapper.framework; name = GLKit.framework; path = System/Library/Frameworks/GLKit.framework; sourceTree = SDKROOT; };
		952CC0F82B0233980036BABF /* ImageIO.framework */ = {isa = PBXFileReference; lastKnownFileType = wrapper.framework; name = ImageIO.framework; path = System/Library/Frameworks/ImageIO.framework; sourceTree = SDKROOT; };
		952CC0FA2B0233A00036BABF /* libc++.tbd */ = {isa = PBXFileReference; lastKnownFileType = "sourcecode.text-based-dylib-definition"; name = "libc++.tbd"; path = "usr/lib/libc++.tbd"; sourceTree = SDKROOT; };
		952CC0FC2B0233A60036BABF /* libz.tbd */ = {isa = PBXFileReference; lastKnownFileType = "sourcecode.text-based-dylib-definition"; name = libz.tbd; path = usr/lib/libz.tbd; sourceTree = SDKROOT; };
		952CC0FE2B0233AC0036BABF /* Metal.framework */ = {isa = PBXFileReference; lastKnownFileType = wrapper.framework; name = Metal.framework; path = System/Library/Frameworks/Metal.framework; sourceTree = SDKROOT; };
		952CC1002B0233B20036BABF /* OpenGLES.framework */ = {isa = PBXFileReference; lastKnownFileType = wrapper.framework; name = OpenGLES.framework; path = System/Library/Frameworks/OpenGLES.framework; sourceTree = SDKROOT; };
		952CC1022B0233B70036BABF /* QuartzCore.framework */ = {isa = PBXFileReference; lastKnownFileType = wrapper.framework; name = QuartzCore.framework; path = System/Library/Frameworks/QuartzCore.framework; sourceTree = SDKROOT; };
		952CC1042B0233BE0036BABF /* SystemConfiguration.framework */ = {isa = PBXFileReference; lastKnownFileType = wrapper.framework; name = SystemConfiguration.framework; path = System/Library/Frameworks/SystemConfiguration.framework; sourceTree = SDKROOT; };
		952CC10F2B023A9F0036BABF /* Config.xcconfig */ = {isa = PBXFileReference; lastKnownFileType = text.xcconfig; path = Config.xcconfig; sourceTree = "<group>"; };
		952CC1132B023C740036BABF /* Info.plist */ = {isa = PBXFileReference; lastKnownFileType = text.plist; path = Info.plist; sourceTree = "<group>"; };
		952CC1182B023EBD0036BABF /* UIKit.framework */ = {isa = PBXFileReference; lastKnownFileType = wrapper.framework; name = UIKit.framework; path = System/Library/Frameworks/UIKit.framework; sourceTree = SDKROOT; };
		952CC11A2B023FFA0036BABF /* MapViewControllerBridge.swift */ = {isa = PBXFileReference; lastKnownFileType = sourcecode.swift; path = MapViewControllerBridge.swift; sourceTree = "<group>"; };
		952CC11C2B02404D0036BABF /* MapViewController.swift */ = {isa = PBXFileReference; lastKnownFileType = sourcecode.swift; path = MapViewController.swift; sourceTree = "<group>"; };
		952CC11E2B0241AF0036BABF /* TrackInfoView.swift */ = {isa = PBXFileReference; lastKnownFileType = sourcecode.swift; path = TrackInfoView.swift; sourceTree = "<group>"; };
		952CC1202B0244230036BABF /* TrackSliderView.swift */ = {isa = PBXFileReference; lastKnownFileType = sourcecode.swift; path = TrackSliderView.swift; sourceTree = "<group>"; };
		952CC1232B02457E0036BABF /* AppColors.swift */ = {isa = PBXFileReference; lastKnownFileType = sourcecode.swift; path = AppColors.swift; sourceTree = "<group>"; };
		952CC1272B0299E90036BABF /* AppFonts.swift */ = {isa = PBXFileReference; lastKnownFileType = sourcecode.swift; path = AppFonts.swift; sourceTree = "<group>"; };
		952CC1292B029B5F0036BABF /* TrackControlView.swift */ = {isa = PBXFileReference; lastKnownFileType = sourcecode.swift; path = TrackControlView.swift; sourceTree = "<group>"; };
		952CC12B2B029FCE0036BABF /* TrackPlaySpeed.swift */ = {isa = PBXFileReference; lastKnownFileType = sourcecode.swift; path = TrackPlaySpeed.swift; sourceTree = "<group>"; };
		952CC12D2B02A8B90036BABF /* ObserverView.swift */ = {isa = PBXFileReference; lastKnownFileType = sourcecode.swift; path = ObserverView.swift; sourceTree = "<group>"; };
		952CC12F2B02AE890036BABF /* ZoomControlView.swift */ = {isa = PBXFileReference; lastKnownFileType = sourcecode.swift; path = ZoomControlView.swift; sourceTree = "<group>"; };
		952CC1352B0340680036BABF /* Speed.swift */ = {isa = PBXFileReference; lastKnownFileType = sourcecode.swift; path = Speed.swift; sourceTree = "<group>"; };
		952CC1392B0343090036BABF /* SpeedLegendView.swift */ = {isa = PBXFileReference; lastKnownFileType = sourcecode.swift; path = SpeedLegendView.swift; sourceTree = "<group>"; };
		952CC1472B037ABD0036BABF /* LocationPoint.swift */ = {isa = PBXFileReference; lastKnownFileType = sourcecode.swift; path = LocationPoint.swift; sourceTree = "<group>"; };
		952CC1492B0380010036BABF /* ContentViewModel.swift */ = {isa = PBXFileReference; lastKnownFileType = sourcecode.swift; path = ContentViewModel.swift; sourceTree = "<group>"; };
		952CC14D2B03909B0036BABF /* ZoomControl.swift */ = {isa = PBXFileReference; lastKnownFileType = sourcecode.swift; path = ZoomControl.swift; sourceTree = "<group>"; };
		952CC1522B04864C0036BABF /* DateExtension.swift */ = {isa = PBXFileReference; lastKnownFileType = sourcecode.swift; path = DateExtension.swift; sourceTree = "<group>"; };
		952CC1582B04B5350036BABF /* LoadingView.swift */ = {isa = PBXFileReference; lastKnownFileType = sourcecode.swift; path = LoadingView.swift; sourceTree = "<group>"; };
		952CC15C2B04BEC90036BABF /* PopupView.swift */ = {isa = PBXFileReference; lastKnownFileType = sourcecode.swift; path = PopupView.swift; sourceTree = "<group>"; };
		952CC15E2B04E0780036BABF /* Track.swift */ = {isa = PBXFileReference; lastKnownFileType = sourcecode.swift; path = Track.swift; sourceTree = "<group>"; };
		952CC1602B04EB320036BABF /* CustomLabel.swift */ = {isa = PBXFileReference; lastKnownFileType = sourcecode.swift; path = CustomLabel.swift; sourceTree = "<group>"; };
		952CC1622B053CBD0036BABF /* CLLocationCoordinate2DExtension.swift */ = {isa = PBXFileReference; lastKnownFileType = sourcecode.swift; path = CLLocationCoordinate2DExtension.swift; sourceTree = "<group>"; };
		952CC1642B05E74E0036BABF /* MapViewCoordinator.swift */ = {isa = PBXFileReference; lastKnownFileType = sourcecode.swift; path = MapViewCoordinator.swift; sourceTree = "<group>"; };
		9581765D2B08902600AE8E25 /* ViewExtension.swift */ = {isa = PBXFileReference; lastKnownFileType = sourcecode.swift; path = ViewExtension.swift; sourceTree = "<group>"; };
		9581765F2B08904E00AE8E25 /* EdgeBorder.swift */ = {isa = PBXFileReference; lastKnownFileType = sourcecode.swift; path = EdgeBorder.swift; sourceTree = "<group>"; };
		958176612B0890CD00AE8E25 /* AppLayout.swift */ = {isa = PBXFileReference; lastKnownFileType = sourcecode.swift; path = AppLayout.swift; sourceTree = "<group>"; };
		958176632B08914B00AE8E25 /* TrackContentView.swift */ = {isa = PBXFileReference; lastKnownFileType = sourcecode.swift; path = TrackContentView.swift; sourceTree = "<group>"; };
		958176652B089AEC00AE8E25 /* LoadingProgress.swift */ = {isa = PBXFileReference; lastKnownFileType = sourcecode.swift; path = LoadingProgress.swift; sourceTree = "<group>"; };
		958176672B08A63100AE8E25 /* PrepareTrackOperation.swift */ = {isa = PBXFileReference; lastKnownFileType = sourcecode.swift; path = PrepareTrackOperation.swift; sourceTree = "<group>"; };
/* End PBXFileReference section */

/* Begin PBXFrameworksBuildPhase section */
		952CC0C72B022E9A0036BABF /* Frameworks */ = {
			isa = PBXFrameworksBuildPhase;
			buildActionMask = 2147483647;
			files = (
				9526C5042B07E8D100352DD5 /* GoogleMapsCore.xcframework in Frameworks */,
				952CC1052B0233BE0036BABF /* SystemConfiguration.framework in Frameworks */,
				952CC1032B0233B70036BABF /* QuartzCore.framework in Frameworks */,
				952CC1012B0233B20036BABF /* OpenGLES.framework in Frameworks */,
				952CC0FF2B0233AC0036BABF /* Metal.framework in Frameworks */,
				952CC0FD2B0233A60036BABF /* libz.tbd in Frameworks */,
				9526C5092B07E8DC00352DD5 /* GoogleMaps.xcframework in Frameworks */,
				952CC0FB2B0233A00036BABF /* libc++.tbd in Frameworks */,
				952CC0F92B0233980036BABF /* ImageIO.framework in Frameworks */,
				952CC0F72B0233910036BABF /* GLKit.framework in Frameworks */,
				952CC0F52B0233880036BABF /* CoreText.framework in Frameworks */,
				952CC1192B023EBD0036BABF /* UIKit.framework in Frameworks */,
				952CC0F32B0233810036BABF /* CoreTelephony.framework in Frameworks */,
				952CC0F12B02337A0036BABF /* CoreLocation.framework in Frameworks */,
				952CC0EF2B0233730036BABF /* CoreImage.framework in Frameworks */,
				952CC0ED2B02336B0036BABF /* CoreGraphics.framework in Frameworks */,
				952CC0EB2B0233630036BABF /* CoreData.framework in Frameworks */,
				9526C5022B07E8CF00352DD5 /* GoogleMapsBase.xcframework in Frameworks */,
				952CC0E92B0233590036BABF /* Accelerate.framework in Frameworks */,
			);
			runOnlyForDeploymentPostprocessing = 0;
		};
/* End PBXFrameworksBuildPhase section */

/* Begin PBXGroup section */
		952CC0C12B022E9A0036BABF = {
			isa = PBXGroup;
			children = (
				952CC0CC2B022E9A0036BABF /* SkifTestDmitriev */,
				952CC0CB2B022E9A0036BABF /* Products */,
				952CC0DB2B0231CE0036BABF /* Frameworks */,
			);
			sourceTree = "<group>";
		};
		952CC0CB2B022E9A0036BABF /* Products */ = {
			isa = PBXGroup;
			children = (
				952CC0CA2B022E9A0036BABF /* SkifTestDmitriev.app */,
			);
			name = Products;
			sourceTree = "<group>";
		};
		952CC0CC2B022E9A0036BABF /* SkifTestDmitriev */ = {
			isa = PBXGroup;
			children = (
				9526C4FD2B07E85900352DD5 /* GoogleMaps.bundle */,
				952CC1132B023C740036BABF /* Info.plist */,
				952CC0CD2B022E9A0036BABF /* SkifTestDmitrievApp.swift */,
				952CC1322B02BE340036BABF /* Model */,
				952CC1312B02BE2E0036BABF /* View */,
				952CC1332B02BE3A0036BABF /* ViewModel */,
				952CC1342B02BE840036BABF /* Controller */,
				952CC1222B02456D0036BABF /* Utilites */,
				952CC0D12B022E9C0036BABF /* Assets.xcassets */,
				952CC10F2B023A9F0036BABF /* Config.xcconfig */,
				952CC0D32B022E9C0036BABF /* Preview Content */,
			);
			path = SkifTestDmitriev;
			sourceTree = "<group>";
		};
		952CC0D32B022E9C0036BABF /* Preview Content */ = {
			isa = PBXGroup;
			children = (
				952CC0D42B022E9C0036BABF /* Preview Assets.xcassets */,
			);
			path = "Preview Content";
			sourceTree = "<group>";
		};
		952CC0DB2B0231CE0036BABF /* Frameworks */ = {
			isa = PBXGroup;
			children = (
				9526C5012B07E8CF00352DD5 /* GoogleMaps.xcframework */,
				9526C4FF2B07E8CF00352DD5 /* GoogleMapsBase.xcframework */,
				9526C5002B07E8CF00352DD5 /* GoogleMapsCore.xcframework */,
				952CC1182B023EBD0036BABF /* UIKit.framework */,
				952CC1042B0233BE0036BABF /* SystemConfiguration.framework */,
				952CC1022B0233B70036BABF /* QuartzCore.framework */,
				952CC1002B0233B20036BABF /* OpenGLES.framework */,
				952CC0FE2B0233AC0036BABF /* Metal.framework */,
				952CC0FC2B0233A60036BABF /* libz.tbd */,
				952CC0FA2B0233A00036BABF /* libc++.tbd */,
				952CC0F82B0233980036BABF /* ImageIO.framework */,
				952CC0F62B0233910036BABF /* GLKit.framework */,
				952CC0F42B0233880036BABF /* CoreText.framework */,
				952CC0F22B0233810036BABF /* CoreTelephony.framework */,
				952CC0F02B02337A0036BABF /* CoreLocation.framework */,
				952CC0EE2B0233730036BABF /* CoreImage.framework */,
				952CC0EC2B02336B0036BABF /* CoreGraphics.framework */,
				952CC0EA2B0233630036BABF /* CoreData.framework */,
				952CC0E82B0233590036BABF /* Accelerate.framework */,
			);
			name = Frameworks;
			sourceTree = "<group>";
		};
		952CC1222B02456D0036BABF /* Utilites */ = {
			isa = PBXGroup;
			children = (
				952CC1512B0486430036BABF /* Extensions */,
				952CC1232B02457E0036BABF /* AppColors.swift */,
				952CC1272B0299E90036BABF /* AppFonts.swift */,
				958176612B0890CD00AE8E25 /* AppLayout.swift */,
				9581765F2B08904E00AE8E25 /* EdgeBorder.swift */,
			);
			path = Utilites;
			sourceTree = "<group>";
		};
		952CC1312B02BE2E0036BABF /* View */ = {
			isa = PBXGroup;
			children = (
				952CC0CF2B022E9A0036BABF /* ContentView.swift */,
				958176632B08914B00AE8E25 /* TrackContentView.swift */,
				952CC1582B04B5350036BABF /* LoadingView.swift */,
				952CC15C2B04BEC90036BABF /* PopupView.swift */,
				952CC11E2B0241AF0036BABF /* TrackInfoView.swift */,
				952CC1602B04EB320036BABF /* CustomLabel.swift */,
				952CC1392B0343090036BABF /* SpeedLegendView.swift */,
				952CC12D2B02A8B90036BABF /* ObserverView.swift */,
				952CC1292B029B5F0036BABF /* TrackControlView.swift */,
				952CC1202B0244230036BABF /* TrackSliderView.swift */,
				9526C4E42B07985B00352DD5 /* TrackSlider.swift */,
				952CC12F2B02AE890036BABF /* ZoomControlView.swift */,
			);
			path = View;
			sourceTree = "<group>";
		};
		952CC1322B02BE340036BABF /* Model */ = {
			isa = PBXGroup;
			children = (
				952CC12B2B029FCE0036BABF /* TrackPlaySpeed.swift */,
				952CC1352B0340680036BABF /* Speed.swift */,
				952CC1472B037ABD0036BABF /* LocationPoint.swift */,
				952CC15E2B04E0780036BABF /* Track.swift */,
				958176672B08A63100AE8E25 /* PrepareTrackOperation.swift */,
				958176652B089AEC00AE8E25 /* LoadingProgress.swift */,
				952CC14D2B03909B0036BABF /* ZoomControl.swift */,
				9526C4E22B077DDE00352DD5 /* TrackManager.swift */,
			);
			path = Model;
			sourceTree = "<group>";
		};
		952CC1332B02BE3A0036BABF /* ViewModel */ = {
			isa = PBXGroup;
			children = (
				952CC1492B0380010036BABF /* ContentViewModel.swift */,
			);
			path = ViewModel;
			sourceTree = "<group>";
		};
		952CC1342B02BE840036BABF /* Controller */ = {
			isa = PBXGroup;
			children = (
				952CC11A2B023FFA0036BABF /* MapViewControllerBridge.swift */,
				9526C4E62B07E4E900352DD5 /* MapViewRouter.swift */,
				952CC1642B05E74E0036BABF /* MapViewCoordinator.swift */,
				952CC11C2B02404D0036BABF /* MapViewController.swift */,
			);
			path = Controller;
			sourceTree = "<group>";
		};
		952CC1512B0486430036BABF /* Extensions */ = {
			isa = PBXGroup;
			children = (
				952CC1522B04864C0036BABF /* DateExtension.swift */,
				952CC1622B053CBD0036BABF /* CLLocationCoordinate2DExtension.swift */,
				9581765D2B08902600AE8E25 /* ViewExtension.swift */,
			);
			path = Extensions;
			sourceTree = "<group>";
		};
/* End PBXGroup section */

/* Begin PBXNativeTarget section */
		952CC0C92B022E9A0036BABF /* SkifTestDmitriev */ = {
			isa = PBXNativeTarget;
			buildConfigurationList = 952CC0D82B022E9C0036BABF /* Build configuration list for PBXNativeTarget "SkifTestDmitriev" */;
			buildPhases = (
				952CC0C62B022E9A0036BABF /* Sources */,
				952CC0C72B022E9A0036BABF /* Frameworks */,
				952CC0C82B022E9A0036BABF /* Resources */,
			);
			buildRules = (
			);
			dependencies = (
			);
			name = SkifTestDmitriev;
			productName = SkifTestDmitriev;
			productReference = 952CC0CA2B022E9A0036BABF /* SkifTestDmitriev.app */;
			productType = "com.apple.product-type.application";
		};
/* End PBXNativeTarget section */

/* Begin PBXProject section */
		952CC0C22B022E9A0036BABF /* Project object */ = {
			isa = PBXProject;
			attributes = {
				BuildIndependentTargetsInParallel = 1;
				LastSwiftUpdateCheck = 1430;
				LastUpgradeCheck = 1430;
				TargetAttributes = {
					952CC0C92B022E9A0036BABF = {
						CreatedOnToolsVersion = 14.3.1;
					};
				};
			};
			buildConfigurationList = 952CC0C52B022E9A0036BABF /* Build configuration list for PBXProject "SkifTestDmitriev" */;
			compatibilityVersion = "Xcode 14.0";
			developmentRegion = en;
			hasScannedForEncodings = 0;
			knownRegions = (
				en,
				Base,
			);
			mainGroup = 952CC0C12B022E9A0036BABF;
			productRefGroup = 952CC0CB2B022E9A0036BABF /* Products */;
			projectDirPath = "";
			projectRoot = "";
			targets = (
				952CC0C92B022E9A0036BABF /* SkifTestDmitriev */,
			);
		};
/* End PBXProject section */

/* Begin PBXResourcesBuildPhase section */
		952CC0C82B022E9A0036BABF /* Resources */ = {
			isa = PBXResourcesBuildPhase;
			buildActionMask = 2147483647;
			files = (
				952CC0D52B022E9C0036BABF /* Preview Assets.xcassets in Resources */,
				952CC1122B023BDB0036BABF /* Config.xcconfig in Resources */,
				952CC0D22B022E9C0036BABF /* Assets.xcassets in Resources */,
				9526C4FE2B07E85900352DD5 /* GoogleMaps.bundle in Resources */,
			);
			runOnlyForDeploymentPostprocessing = 0;
		};
/* End PBXResourcesBuildPhase section */

/* Begin PBXSourcesBuildPhase section */
		952CC0C62B022E9A0036BABF /* Sources */ = {
			isa = PBXSourcesBuildPhase;
			buildActionMask = 2147483647;
			files = (
				952CC11B2B023FFA0036BABF /* MapViewControllerBridge.swift in Sources */,
				952CC1302B02AE890036BABF /* ZoomControlView.swift in Sources */,
				952CC0D02B022E9A0036BABF /* ContentView.swift in Sources */,
				952CC0CE2B022E9A0036BABF /* SkifTestDmitrievApp.swift in Sources */,
				952CC1362B0340680036BABF /* Speed.swift in Sources */,
				958176602B08904E00AE8E25 /* EdgeBorder.swift in Sources */,
				952CC15F2B04E0780036BABF /* Track.swift in Sources */,
				958176622B0890CD00AE8E25 /* AppLayout.swift in Sources */,
				952CC12C2B029FCE0036BABF /* TrackPlaySpeed.swift in Sources */,
				952CC1612B04EB320036BABF /* CustomLabel.swift in Sources */,
				952CC12E2B02A8B90036BABF /* ObserverView.swift in Sources */,
				952CC1482B037ABD0036BABF /* LocationPoint.swift in Sources */,
				9581765E2B08902600AE8E25 /* ViewExtension.swift in Sources */,
				952CC14A2B0380010036BABF /* ContentViewModel.swift in Sources */,
				952CC1632B053CBD0036BABF /* CLLocationCoordinate2DExtension.swift in Sources */,
				952CC1212B0244230036BABF /* TrackSliderView.swift in Sources */,
				952CC1282B0299E90036BABF /* AppFonts.swift in Sources */,
				958176642B08914B00AE8E25 /* TrackContentView.swift in Sources */,
				952CC15D2B04BEC90036BABF /* PopupView.swift in Sources */,
				952CC14E2B03909B0036BABF /* ZoomControl.swift in Sources */,
				952CC1652B05E74E0036BABF /* MapViewCoordinator.swift in Sources */,
				952CC13A2B0343090036BABF /* SpeedLegendView.swift in Sources */,
				958176682B08A63100AE8E25 /* PrepareTrackOperation.swift in Sources */,
				952CC1592B04B5350036BABF /* LoadingView.swift in Sources */,
				952CC12A2B029B5F0036BABF /* TrackControlView.swift in Sources */,
				952CC1242B02457E0036BABF /* AppColors.swift in Sources */,
				952CC1532B04864C0036BABF /* DateExtension.swift in Sources */,
				9526C4E72B07E4E900352DD5 /* MapViewRouter.swift in Sources */,
				9526C4E52B07985B00352DD5 /* TrackSlider.swift in Sources */,
				9526C4E32B077DDE00352DD5 /* TrackManager.swift in Sources */,
				952CC11D2B02404D0036BABF /* MapViewController.swift in Sources */,
				958176662B089AEC00AE8E25 /* LoadingProgress.swift in Sources */,
				952CC11F2B0241AF0036BABF /* TrackInfoView.swift in Sources */,
			);
			runOnlyForDeploymentPostprocessing = 0;
		};
/* End PBXSourcesBuildPhase section */

/* Begin XCBuildConfiguration section */
		952CC0D62B022E9C0036BABF /* Debug */ = {
			isa = XCBuildConfiguration;
			baseConfigurationReference = 952CC10F2B023A9F0036BABF /* Config.xcconfig */;
			buildSettings = {
				ALWAYS_SEARCH_USER_PATHS = NO;
				CLANG_ANALYZER_NONNULL = YES;
				CLANG_ANALYZER_NUMBER_OBJECT_CONVERSION = YES_AGGRESSIVE;
				CLANG_CXX_LANGUAGE_STANDARD = "gnu++20";
				CLANG_ENABLE_MODULES = YES;
				CLANG_ENABLE_OBJC_ARC = YES;
				CLANG_ENABLE_OBJC_WEAK = YES;
				CLANG_WARN_BLOCK_CAPTURE_AUTORELEASING = YES;
				CLANG_WARN_BOOL_CONVERSION = YES;
				CLANG_WARN_COMMA = YES;
				CLANG_WARN_CONSTANT_CONVERSION = YES;
				CLANG_WARN_DEPRECATED_OBJC_IMPLEMENTATIONS = YES;
				CLANG_WARN_DIRECT_OBJC_ISA_USAGE = YES_ERROR;
				CLANG_WARN_DOCUMENTATION_COMMENTS = YES;
				CLANG_WARN_EMPTY_BODY = YES;
				CLANG_WARN_ENUM_CONVERSION = YES;
				CLANG_WARN_INFINITE_RECURSION = YES;
				CLANG_WARN_INT_CONVERSION = YES;
				CLANG_WARN_NON_LITERAL_NULL_CONVERSION = YES;
				CLANG_WARN_OBJC_IMPLICIT_RETAIN_SELF = YES;
				CLANG_WARN_OBJC_LITERAL_CONVERSION = YES;
				CLANG_WARN_OBJC_ROOT_CLASS = YES_ERROR;
				CLANG_WARN_QUOTED_INCLUDE_IN_FRAMEWORK_HEADER = YES;
				CLANG_WARN_RANGE_LOOP_ANALYSIS = YES;
				CLANG_WARN_STRICT_PROTOTYPES = YES;
				CLANG_WARN_SUSPICIOUS_MOVE = YES;
				CLANG_WARN_UNGUARDED_AVAILABILITY = YES_AGGRESSIVE;
				CLANG_WARN_UNREACHABLE_CODE = YES;
				CLANG_WARN__DUPLICATE_METHOD_MATCH = YES;
				COPY_PHASE_STRIP = NO;
				DEBUG_INFORMATION_FORMAT = dwarf;
				ENABLE_STRICT_OBJC_MSGSEND = YES;
				ENABLE_TESTABILITY = YES;
				GCC_C_LANGUAGE_STANDARD = gnu11;
				GCC_DYNAMIC_NO_PIC = NO;
				GCC_NO_COMMON_BLOCKS = YES;
				GCC_OPTIMIZATION_LEVEL = 0;
				GCC_PREPROCESSOR_DEFINITIONS = (
					"DEBUG=1",
					"$(inherited)",
				);
				GCC_WARN_64_TO_32_BIT_CONVERSION = YES;
				GCC_WARN_ABOUT_RETURN_TYPE = YES_ERROR;
				GCC_WARN_UNDECLARED_SELECTOR = YES;
				GCC_WARN_UNINITIALIZED_AUTOS = YES_AGGRESSIVE;
				GCC_WARN_UNUSED_FUNCTION = YES;
				GCC_WARN_UNUSED_VARIABLE = YES;
				IPHONEOS_DEPLOYMENT_TARGET = 16.4;
				MTL_ENABLE_DEBUG_INFO = INCLUDE_SOURCE;
				MTL_FAST_MATH = YES;
				ONLY_ACTIVE_ARCH = YES;
				SDKROOT = iphoneos;
				SWIFT_ACTIVE_COMPILATION_CONDITIONS = DEBUG;
				SWIFT_OPTIMIZATION_LEVEL = "-Onone";
			};
			name = Debug;
		};
		952CC0D72B022E9C0036BABF /* Release */ = {
			isa = XCBuildConfiguration;
			baseConfigurationReference = 952CC10F2B023A9F0036BABF /* Config.xcconfig */;
			buildSettings = {
				ALWAYS_SEARCH_USER_PATHS = NO;
				CLANG_ANALYZER_NONNULL = YES;
				CLANG_ANALYZER_NUMBER_OBJECT_CONVERSION = YES_AGGRESSIVE;
				CLANG_CXX_LANGUAGE_STANDARD = "gnu++20";
				CLANG_ENABLE_MODULES = YES;
				CLANG_ENABLE_OBJC_ARC = YES;
				CLANG_ENABLE_OBJC_WEAK = YES;
				CLANG_WARN_BLOCK_CAPTURE_AUTORELEASING = YES;
				CLANG_WARN_BOOL_CONVERSION = YES;
				CLANG_WARN_COMMA = YES;
				CLANG_WARN_CONSTANT_CONVERSION = YES;
				CLANG_WARN_DEPRECATED_OBJC_IMPLEMENTATIONS = YES;
				CLANG_WARN_DIRECT_OBJC_ISA_USAGE = YES_ERROR;
				CLANG_WARN_DOCUMENTATION_COMMENTS = YES;
				CLANG_WARN_EMPTY_BODY = YES;
				CLANG_WARN_ENUM_CONVERSION = YES;
				CLANG_WARN_INFINITE_RECURSION = YES;
				CLANG_WARN_INT_CONVERSION = YES;
				CLANG_WARN_NON_LITERAL_NULL_CONVERSION = YES;
				CLANG_WARN_OBJC_IMPLICIT_RETAIN_SELF = YES;
				CLANG_WARN_OBJC_LITERAL_CONVERSION = YES;
				CLANG_WARN_OBJC_ROOT_CLASS = YES_ERROR;
				CLANG_WARN_QUOTED_INCLUDE_IN_FRAMEWORK_HEADER = YES;
				CLANG_WARN_RANGE_LOOP_ANALYSIS = YES;
				CLANG_WARN_STRICT_PROTOTYPES = YES;
				CLANG_WARN_SUSPICIOUS_MOVE = YES;
				CLANG_WARN_UNGUARDED_AVAILABILITY = YES_AGGRESSIVE;
				CLANG_WARN_UNREACHABLE_CODE = YES;
				CLANG_WARN__DUPLICATE_METHOD_MATCH = YES;
				COPY_PHASE_STRIP = NO;
				DEBUG_INFORMATION_FORMAT = "dwarf-with-dsym";
				ENABLE_NS_ASSERTIONS = NO;
				ENABLE_STRICT_OBJC_MSGSEND = YES;
				GCC_C_LANGUAGE_STANDARD = gnu11;
				GCC_NO_COMMON_BLOCKS = YES;
				GCC_WARN_64_TO_32_BIT_CONVERSION = YES;
				GCC_WARN_ABOUT_RETURN_TYPE = YES_ERROR;
				GCC_WARN_UNDECLARED_SELECTOR = YES;
				GCC_WARN_UNINITIALIZED_AUTOS = YES_AGGRESSIVE;
				GCC_WARN_UNUSED_FUNCTION = YES;
				GCC_WARN_UNUSED_VARIABLE = YES;
				IPHONEOS_DEPLOYMENT_TARGET = 16.4;
				MTL_ENABLE_DEBUG_INFO = NO;
				MTL_FAST_MATH = YES;
				SDKROOT = iphoneos;
				SWIFT_COMPILATION_MODE = wholemodule;
				SWIFT_OPTIMIZATION_LEVEL = "-O";
				VALIDATE_PRODUCT = YES;
			};
			name = Release;
		};
		952CC0D92B022E9C0036BABF /* Debug */ = {
			isa = XCBuildConfiguration;
			buildSettings = {
				ASSETCATALOG_COMPILER_APPICON_NAME = AppIcon;
				ASSETCATALOG_COMPILER_GLOBAL_ACCENT_COLOR_NAME = AccentColor;
				CODE_SIGN_STYLE = Automatic;
				CURRENT_PROJECT_VERSION = 1;
				DEVELOPMENT_ASSET_PATHS = "\"SkifTestDmitriev/Preview Content\"";
				DEVELOPMENT_TEAM = TNTX3799P3;
				ENABLE_PREVIEWS = YES;
				GENERATE_INFOPLIST_FILE = YES;
				INFOPLIST_FILE = SkifTestDmitriev/Info.plist;
				INFOPLIST_KEY_UIApplicationSceneManifest_Generation = YES;
				INFOPLIST_KEY_UIApplicationSupportsIndirectInputEvents = YES;
				INFOPLIST_KEY_UILaunchScreen_Generation = YES;
				INFOPLIST_KEY_UISupportedInterfaceOrientations = UIInterfaceOrientationPortrait;
				INFOPLIST_KEY_UISupportedInterfaceOrientations_iPad = "UIInterfaceOrientationLandscapeLeft UIInterfaceOrientationLandscapeRight UIInterfaceOrientationPortrait UIInterfaceOrientationPortraitUpsideDown";
				LD_RUNPATH_SEARCH_PATHS = (
					"$(inherited)",
					"@executable_path/Frameworks",
				);
				MARKETING_VERSION = 1.0;
				OTHER_LDFLAGS = "-ObjC";
				PRODUCT_BUNDLE_IDENTIFIER = DenisDmitriev.SkifTestDmitriev;
				PRODUCT_NAME = "$(TARGET_NAME)";
				SUPPORTED_PLATFORMS = "iphoneos iphonesimulator";
				SUPPORTS_MACCATALYST = NO;
				SUPPORTS_MAC_DESIGNED_FOR_IPHONE_IPAD = NO;
				SWIFT_EMIT_LOC_STRINGS = YES;
				SWIFT_VERSION = 5.0;
				TARGETED_DEVICE_FAMILY = 1;
			};
			name = Debug;
		};
		952CC0DA2B022E9C0036BABF /* Release */ = {
			isa = XCBuildConfiguration;
			buildSettings = {
				ASSETCATALOG_COMPILER_APPICON_NAME = AppIcon;
				ASSETCATALOG_COMPILER_GLOBAL_ACCENT_COLOR_NAME = AccentColor;
				CODE_SIGN_STYLE = Automatic;
				CURRENT_PROJECT_VERSION = 1;
				DEVELOPMENT_ASSET_PATHS = "\"SkifTestDmitriev/Preview Content\"";
				DEVELOPMENT_TEAM = TNTX3799P3;
				ENABLE_PREVIEWS = YES;
				GENERATE_INFOPLIST_FILE = YES;
				INFOPLIST_FILE = SkifTestDmitriev/Info.plist;
				INFOPLIST_KEY_UIApplicationSceneManifest_Generation = YES;
				INFOPLIST_KEY_UIApplicationSupportsIndirectInputEvents = YES;
				INFOPLIST_KEY_UILaunchScreen_Generation = YES;
				INFOPLIST_KEY_UISupportedInterfaceOrientations = UIInterfaceOrientationPortrait;
				INFOPLIST_KEY_UISupportedInterfaceOrientations_iPad = "UIInterfaceOrientationLandscapeLeft UIInterfaceOrientationLandscapeRight UIInterfaceOrientationPortrait UIInterfaceOrientationPortraitUpsideDown";
				LD_RUNPATH_SEARCH_PATHS = (
					"$(inherited)",
					"@executable_path/Frameworks",
				);
				MARKETING_VERSION = 1.0;
				OTHER_LDFLAGS = "-ObjC";
				PRODUCT_BUNDLE_IDENTIFIER = DenisDmitriev.SkifTestDmitriev;
				PRODUCT_NAME = "$(TARGET_NAME)";
				SUPPORTED_PLATFORMS = "iphoneos iphonesimulator";
				SUPPORTS_MACCATALYST = NO;
				SUPPORTS_MAC_DESIGNED_FOR_IPHONE_IPAD = NO;
				SWIFT_EMIT_LOC_STRINGS = YES;
				SWIFT_VERSION = 5.0;
				TARGETED_DEVICE_FAMILY = 1;
			};
			name = Release;
		};
/* End XCBuildConfiguration section */

/* Begin XCConfigurationList section */
		952CC0C52B022E9A0036BABF /* Build configuration list for PBXProject "SkifTestDmitriev" */ = {
			isa = XCConfigurationList;
			buildConfigurations = (
				952CC0D62B022E9C0036BABF /* Debug */,
				952CC0D72B022E9C0036BABF /* Release */,
			);
			defaultConfigurationIsVisible = 0;
			defaultConfigurationName = Release;
		};
		952CC0D82B022E9C0036BABF /* Build configuration list for PBXNativeTarget "SkifTestDmitriev" */ = {
			isa = XCConfigurationList;
			buildConfigurations = (
				952CC0D92B022E9C0036BABF /* Debug */,
				952CC0DA2B022E9C0036BABF /* Release */,
			);
			defaultConfigurationIsVisible = 0;
			defaultConfigurationName = Release;
		};
/* End XCConfigurationList section */
	};
	rootObject = 952CC0C22B022E9A0036BABF /* Project object */;
}
