// !$*UTF8*$!
{
	archiveVersion = 1;
	classes = {
	};
	objectVersion = 56;
	objects = {

/* Begin PBXBuildFile section */
		952CC0CE2B022E9A0036BABF /* SkifTestDmitrievApp.swift in Sources */ = {isa = PBXBuildFile; fileRef = 952CC0CD2B022E9A0036BABF /* SkifTestDmitrievApp.swift */; };
		952CC0D02B022E9A0036BABF /* ContentView.swift in Sources */ = {isa = PBXBuildFile; fileRef = 952CC0CF2B022E9A0036BABF /* ContentView.swift */; };
		952CC0D22B022E9C0036BABF /* Assets.xcassets in Resources */ = {isa = PBXBuildFile; fileRef = 952CC0D12B022E9C0036BABF /* Assets.xcassets */; };
		952CC0D52B022E9C0036BABF /* Preview Assets.xcassets in Resources */ = {isa = PBXBuildFile; fileRef = 952CC0D42B022E9C0036BABF /* Preview Assets.xcassets */; };
		952CC0DD2B0231CE0036BABF /* GoogleMapsBase.xcframework in Frameworks */ = {isa = PBXBuildFile; fileRef = 952CC0DC2B0231CE0036BABF /* GoogleMapsBase.xcframework */; };
		952CC0DE2B0231CE0036BABF /* GoogleMapsBase.xcframework in Embed Frameworks */ = {isa = PBXBuildFile; fileRef = 952CC0DC2B0231CE0036BABF /* GoogleMapsBase.xcframework */; settings = {ATTRIBUTES = (CodeSignOnCopy, RemoveHeadersOnCopy, ); }; };
		952CC0E22B0231DD0036BABF /* GoogleMapsCore.xcframework in Frameworks */ = {isa = PBXBuildFile; fileRef = 952CC0E02B0231DD0036BABF /* GoogleMapsCore.xcframework */; };
		952CC0E32B0231DD0036BABF /* GoogleMapsCore.xcframework in Embed Frameworks */ = {isa = PBXBuildFile; fileRef = 952CC0E02B0231DD0036BABF /* GoogleMapsCore.xcframework */; settings = {ATTRIBUTES = (CodeSignOnCopy, RemoveHeadersOnCopy, ); }; };
		952CC0E42B0231DD0036BABF /* GoogleMaps.xcframework in Frameworks */ = {isa = PBXBuildFile; fileRef = 952CC0E12B0231DD0036BABF /* GoogleMaps.xcframework */; };
		952CC0E52B0231DD0036BABF /* GoogleMaps.xcframework in Embed Frameworks */ = {isa = PBXBuildFile; fileRef = 952CC0E12B0231DD0036BABF /* GoogleMaps.xcframework */; settings = {ATTRIBUTES = (CodeSignOnCopy, RemoveHeadersOnCopy, ); }; };
		952CC0E72B0232280036BABF /* GoogleMaps.bundle in Resources */ = {isa = PBXBuildFile; fileRef = 952CC0E62B0232270036BABF /* GoogleMaps.bundle */; };
		952CC0E92B0233590036BABF /* Accelerate.framework in Frameworks */ = {isa = PBXBuildFile; fileRef = 952CC0E82B0233590036BABF /* Accelerate.framework */; };
		952CC0EB2B0233630036BABF /* CoreData.framework in Frameworks */ = {isa = PBXBuildFile; fileRef = 952CC0EA2B0233630036BABF /* CoreData.framework */; };
		952CC0ED2B02336B0036BABF /* CoreGraphics.framework in Frameworks */ = {isa = PBXBuildFile; fileRef = 952CC0EC2B02336B0036BABF /* CoreGraphics.framework */; };
		952CC0EF2B0233730036BABF /* CoreImage.framework in Frameworks */ = {isa = PBXBuildFile; fileRef = 952CC0EE2B0233730036BABF /* CoreImage.framework */; };
		952CC0F12B02337A0036BABF /* CoreLocation.framework in Frameworks */ = {isa = PBXBuildFile; fileRef = 952CC0F02B02337A0036BABF /* CoreLocation.framework */; };
		952CC0F32B0233810036BABF /* CoreTelephony.framework in Frameworks */ = {isa = PBXBuildFile; fileRef = 952CC0F22B0233810036BABF /* CoreTelephony.framework */; };
		952CC0F52B0233880036BABF /* CoreText.framework in Frameworks */ = {isa = PBXBuildFile; fileRef = 952CC0F42B0233880036BABF /* CoreText.framework */; };
		952CC0F72B0233910036BABF /* GLKit.framework in Frameworks */ = {isa = PBXBuildFile; fileRef = 952CC0F62B0233910036BABF /* GLKit.framework */; };
		952CC0F92B0233980036BABF /* ImageIO.framework in Frameworks */ = {isa = PBXBuildFile; fileRef = 952CC0F82B0233980036BABF /* ImageIO.framework */; };
		952CC0FB2B0233A00036BABF /* libc++.tbd in Frameworks */ = {isa = PBXBuildFile; fileRef = 952CC0FA2B0233A00036BABF /* libc++.tbd */; };
		952CC0FD2B0233A60036BABF /* libz.tbd in Frameworks */ = {isa = PBXBuildFile; fileRef = 952CC0FC2B0233A60036BABF /* libz.tbd */; };
		952CC0FF2B0233AC0036BABF /* Metal.framework in Frameworks */ = {isa = PBXBuildFile; fileRef = 952CC0FE2B0233AC0036BABF /* Metal.framework */; };
		952CC1012B0233B20036BABF /* OpenGLES.framework in Frameworks */ = {isa = PBXBuildFile; fileRef = 952CC1002B0233B20036BABF /* OpenGLES.framework */; };
		952CC1032B0233B70036BABF /* QuartzCore.framework in Frameworks */ = {isa = PBXBuildFile; fileRef = 952CC1022B0233B70036BABF /* QuartzCore.framework */; };
		952CC1052B0233BE0036BABF /* SystemConfiguration.framework in Frameworks */ = {isa = PBXBuildFile; fileRef = 952CC1042B0233BE0036BABF /* SystemConfiguration.framework */; };
		952CC1072B0234520036BABF /* GooglePlaces.xcframework in Frameworks */ = {isa = PBXBuildFile; fileRef = 952CC1062B0234510036BABF /* GooglePlaces.xcframework */; };
		952CC1082B0234520036BABF /* GooglePlaces.xcframework in Embed Frameworks */ = {isa = PBXBuildFile; fileRef = 952CC1062B0234510036BABF /* GooglePlaces.xcframework */; settings = {ATTRIBUTES = (CodeSignOnCopy, RemoveHeadersOnCopy, ); }; };
		952CC10A2B0235C10036BABF /* GooglePlaces.bundle in Resources */ = {isa = PBXBuildFile; fileRef = 952CC1092B0235C10036BABF /* GooglePlaces.bundle */; };
/* End PBXBuildFile section */

/* Begin PBXCopyFilesBuildPhase section */
		952CC0DF2B0231CE0036BABF /* Embed Frameworks */ = {
			isa = PBXCopyFilesBuildPhase;
			buildActionMask = 2147483647;
			dstPath = "";
			dstSubfolderSpec = 10;
			files = (
				952CC1082B0234520036BABF /* GooglePlaces.xcframework in Embed Frameworks */,
				952CC0E52B0231DD0036BABF /* GoogleMaps.xcframework in Embed Frameworks */,
				952CC0E32B0231DD0036BABF /* GoogleMapsCore.xcframework in Embed Frameworks */,
				952CC0DE2B0231CE0036BABF /* GoogleMapsBase.xcframework in Embed Frameworks */,
			);
			name = "Embed Frameworks";
			runOnlyForDeploymentPostprocessing = 0;
		};
/* End PBXCopyFilesBuildPhase section */

/* Begin PBXFileReference section */
		952CC0CA2B022E9A0036BABF /* SkifTestDmitriev.app */ = {isa = PBXFileReference; explicitFileType = wrapper.application; includeInIndex = 0; path = SkifTestDmitriev.app; sourceTree = BUILT_PRODUCTS_DIR; };
		952CC0CD2B022E9A0036BABF /* SkifTestDmitrievApp.swift */ = {isa = PBXFileReference; lastKnownFileType = sourcecode.swift; path = SkifTestDmitrievApp.swift; sourceTree = "<group>"; };
		952CC0CF2B022E9A0036BABF /* ContentView.swift */ = {isa = PBXFileReference; lastKnownFileType = sourcecode.swift; path = ContentView.swift; sourceTree = "<group>"; };
		952CC0D12B022E9C0036BABF /* Assets.xcassets */ = {isa = PBXFileReference; lastKnownFileType = folder.assetcatalog; path = Assets.xcassets; sourceTree = "<group>"; };
		952CC0D42B022E9C0036BABF /* Preview Assets.xcassets */ = {isa = PBXFileReference; lastKnownFileType = folder.assetcatalog; path = "Preview Assets.xcassets"; sourceTree = "<group>"; };
		952CC0DC2B0231CE0036BABF /* GoogleMapsBase.xcframework */ = {isa = PBXFileReference; lastKnownFileType = wrapper.xcframework; name = GoogleMapsBase.xcframework; path = "../../../../Downloads/GoogleMaps-8.2.0/Base/Frameworks/GoogleMapsBase.xcframework"; sourceTree = "<group>"; };
		952CC0E02B0231DD0036BABF /* GoogleMapsCore.xcframework */ = {isa = PBXFileReference; lastKnownFileType = wrapper.xcframework; name = GoogleMapsCore.xcframework; path = "../../../../Downloads/GoogleMaps-8.2.0/Maps/Frameworks/GoogleMapsCore.xcframework"; sourceTree = "<group>"; };
		952CC0E12B0231DD0036BABF /* GoogleMaps.xcframework */ = {isa = PBXFileReference; lastKnownFileType = wrapper.xcframework; name = GoogleMaps.xcframework; path = "../../../../Downloads/GoogleMaps-8.2.0/Maps/Frameworks/GoogleMaps.xcframework"; sourceTree = "<group>"; };
		952CC0E62B0232270036BABF /* GoogleMaps.bundle */ = {isa = PBXFileReference; lastKnownFileType = "wrapper.plug-in"; name = GoogleMaps.bundle; path = "../../../../Downloads/GoogleMaps-8.2.0/Maps/Frameworks/GoogleMaps.xcframework/ios-arm64_x86_64-simulator/GoogleMaps.framework/Resources/GoogleMaps.bundle"; sourceTree = "<group>"; };
		952CC0E82B0233590036BABF /* Accelerate.framework */ = {isa = PBXFileReference; lastKnownFileType = wrapper.framework; name = Accelerate.framework; path = System/Library/Frameworks/Accelerate.framework; sourceTree = SDKROOT; };
		952CC0EA2B0233630036BABF /* CoreData.framework */ = {isa = PBXFileReference; lastKnownFileType = wrapper.framework; name = CoreData.framework; path = System/Library/Frameworks/CoreData.framework; sourceTree = SDKROOT; };
		952CC0EC2B02336B0036BABF /* CoreGraphics.framework */ = {isa = PBXFileReference; lastKnownFileType = wrapper.framework; name = CoreGraphics.framework; path = System/Library/Frameworks/CoreGraphics.framework; sourceTree = SDKROOT; };
		952CC0EE2B0233730036BABF /* CoreImage.framework */ = {isa = PBXFileReference; lastKnownFileType = wrapper.framework; name = CoreImage.framework; path = System/Library/Frameworks/CoreImage.framework; sourceTree = SDKROOT; };
		952CC0F02B02337A0036BABF /* CoreLocation.framework */ = {isa = PBXFileReference; lastKnownFileType = wrapper.framework; name = CoreLocation.framework; path = System/Library/Frameworks/CoreLocation.framework; sourceTree = SDKROOT; };
		952CC0F22B0233810036BABF /* CoreTelephony.framework */ = {isa = PBXFileReference; lastKnownFileType = wrapper.framework; name = CoreTelephony.framework; path = System/Library/Frameworks/CoreTelephony.framework; sourceTree = SDKROOT; };
		952CC0F42B0233880036BABF /* CoreText.framework */ = {isa = PBXFileReference; lastKnownFileType = wrapper.framework; name = CoreText.framework; path = System/Library/Frameworks/CoreText.framework; sourceTree = SDKROOT; };
		952CC0F62B0233910036BABF /* GLKit.framework */ = {isa = PBXFileReference; lastKnownFileType = wrapper.framework; name = GLKit.framework; path = System/Library/Frameworks/GLKit.framework; sourceTree = SDKROOT; };
		952CC0F82B0233980036BABF /* ImageIO.framework */ = {isa = PBXFileReference; lastKnownFileType = wrapper.framework; name = ImageIO.framework; path = System/Library/Frameworks/ImageIO.framework; sourceTree = SDKROOT; };
		952CC0FA2B0233A00036BABF /* libc++.tbd */ = {isa = PBXFileReference; lastKnownFileType = "sourcecode.text-based-dylib-definition"; name = "libc++.tbd"; path = "usr/lib/libc++.tbd"; sourceTree = SDKROOT; };
		952CC0FC2B0233A60036BABF /* libz.tbd */ = {isa = PBXFileReference; lastKnownFileType = "sourcecode.text-based-dylib-definition"; name = libz.tbd; path = usr/lib/libz.tbd; sourceTree = SDKROOT; };
		952CC0FE2B0233AC0036BABF /* Metal.framework */ = {isa = PBXFileReference; lastKnownFileType = wrapper.framework; name = Metal.framework; path = System/Library/Frameworks/Metal.framework; sourceTree = SDKROOT; };
		952CC1002B0233B20036BABF /* OpenGLES.framework */ = {isa = PBXFileReference; lastKnownFileType = wrapper.framework; name = OpenGLES.framework; path = System/Library/Frameworks/OpenGLES.framework; sourceTree = SDKROOT; };
		952CC1022B0233B70036BABF /* QuartzCore.framework */ = {isa = PBXFileReference; lastKnownFileType = wrapper.framework; name = QuartzCore.framework; path = System/Library/Frameworks/QuartzCore.framework; sourceTree = SDKROOT; };
		952CC1042B0233BE0036BABF /* SystemConfiguration.framework */ = {isa = PBXFileReference; lastKnownFileType = wrapper.framework; name = SystemConfiguration.framework; path = System/Library/Frameworks/SystemConfiguration.framework; sourceTree = SDKROOT; };
		952CC1062B0234510036BABF /* GooglePlaces.xcframework */ = {isa = PBXFileReference; lastKnownFileType = wrapper.xcframework; name = GooglePlaces.xcframework; path = "../../../../Downloads/GooglePlaces-8.2.1/Frameworks/GooglePlaces.xcframework"; sourceTree = "<group>"; };
		952CC1092B0235C10036BABF /* GooglePlaces.bundle */ = {isa = PBXFileReference; lastKnownFileType = "wrapper.plug-in"; name = GooglePlaces.bundle; path = "../../../../Downloads/GooglePlaces-8.2.1/Frameworks/GooglePlaces.xcframework/ios-arm64_x86_64-simulator/GooglePlaces.framework/Resources/GooglePlaces.bundle"; sourceTree = "<group>"; };
		952CC10F2B023A9F0036BABF /* Config.xcconfig */ = {isa = PBXFileReference; lastKnownFileType = text.xcconfig; path = Config.xcconfig; sourceTree = "<group>"; };
/* End PBXFileReference section */

/* Begin PBXFrameworksBuildPhase section */
		952CC0C72B022E9A0036BABF /* Frameworks */ = {
			isa = PBXFrameworksBuildPhase;
			buildActionMask = 2147483647;
			files = (
				952CC1052B0233BE0036BABF /* SystemConfiguration.framework in Frameworks */,
				952CC1032B0233B70036BABF /* QuartzCore.framework in Frameworks */,
				952CC1012B0233B20036BABF /* OpenGLES.framework in Frameworks */,
				952CC0FF2B0233AC0036BABF /* Metal.framework in Frameworks */,
				952CC0FD2B0233A60036BABF /* libz.tbd in Frameworks */,
				952CC0FB2B0233A00036BABF /* libc++.tbd in Frameworks */,
				952CC0F92B0233980036BABF /* ImageIO.framework in Frameworks */,
				952CC0F72B0233910036BABF /* GLKit.framework in Frameworks */,
				952CC0F52B0233880036BABF /* CoreText.framework in Frameworks */,
				952CC0F32B0233810036BABF /* CoreTelephony.framework in Frameworks */,
				952CC0F12B02337A0036BABF /* CoreLocation.framework in Frameworks */,
				952CC0EF2B0233730036BABF /* CoreImage.framework in Frameworks */,
				952CC1072B0234520036BABF /* GooglePlaces.xcframework in Frameworks */,
				952CC0ED2B02336B0036BABF /* CoreGraphics.framework in Frameworks */,
				952CC0EB2B0233630036BABF /* CoreData.framework in Frameworks */,
				952CC0E92B0233590036BABF /* Accelerate.framework in Frameworks */,
				952CC0E42B0231DD0036BABF /* GoogleMaps.xcframework in Frameworks */,
				952CC0E22B0231DD0036BABF /* GoogleMapsCore.xcframework in Frameworks */,
				952CC0DD2B0231CE0036BABF /* GoogleMapsBase.xcframework in Frameworks */,
			);
			runOnlyForDeploymentPostprocessing = 0;
		};
/* End PBXFrameworksBuildPhase section */

/* Begin PBXGroup section */
		952CC0C12B022E9A0036BABF = {
			isa = PBXGroup;
			children = (
				952CC0E62B0232270036BABF /* GoogleMaps.bundle */,
				952CC1092B0235C10036BABF /* GooglePlaces.bundle */,
				952CC0CC2B022E9A0036BABF /* SkifTestDmitriev */,
				952CC0CB2B022E9A0036BABF /* Products */,
				952CC0DB2B0231CE0036BABF /* Frameworks */,
			);
			sourceTree = "<group>";
		};
		952CC0CB2B022E9A0036BABF /* Products */ = {
			isa = PBXGroup;
			children = (
				952CC0CA2B022E9A0036BABF /* SkifTestDmitriev.app */,
			);
			name = Products;
			sourceTree = "<group>";
		};
		952CC0CC2B022E9A0036BABF /* SkifTestDmitriev */ = {
			isa = PBXGroup;
			children = (
				952CC0CD2B022E9A0036BABF /* SkifTestDmitrievApp.swift */,
				952CC10F2B023A9F0036BABF /* Config.xcconfig */,
				952CC0CF2B022E9A0036BABF /* ContentView.swift */,
				952CC0D12B022E9C0036BABF /* Assets.xcassets */,
				952CC0D32B022E9C0036BABF /* Preview Content */,
			);
			path = SkifTestDmitriev;
			sourceTree = "<group>";
		};
		952CC0D32B022E9C0036BABF /* Preview Content */ = {
			isa = PBXGroup;
			children = (
				952CC0D42B022E9C0036BABF /* Preview Assets.xcassets */,
			);
			path = "Preview Content";
			sourceTree = "<group>";
		};
		952CC0DB2B0231CE0036BABF /* Frameworks */ = {
			isa = PBXGroup;
			children = (
				952CC1062B0234510036BABF /* GooglePlaces.xcframework */,
				952CC1042B0233BE0036BABF /* SystemConfiguration.framework */,
				952CC1022B0233B70036BABF /* QuartzCore.framework */,
				952CC1002B0233B20036BABF /* OpenGLES.framework */,
				952CC0FE2B0233AC0036BABF /* Metal.framework */,
				952CC0FC2B0233A60036BABF /* libz.tbd */,
				952CC0FA2B0233A00036BABF /* libc++.tbd */,
				952CC0F82B0233980036BABF /* ImageIO.framework */,
				952CC0F62B0233910036BABF /* GLKit.framework */,
				952CC0F42B0233880036BABF /* CoreText.framework */,
				952CC0F22B0233810036BABF /* CoreTelephony.framework */,
				952CC0F02B02337A0036BABF /* CoreLocation.framework */,
				952CC0EE2B0233730036BABF /* CoreImage.framework */,
				952CC0EC2B02336B0036BABF /* CoreGraphics.framework */,
				952CC0EA2B0233630036BABF /* CoreData.framework */,
				952CC0E82B0233590036BABF /* Accelerate.framework */,
				952CC0E12B0231DD0036BABF /* GoogleMaps.xcframework */,
				952CC0E02B0231DD0036BABF /* GoogleMapsCore.xcframework */,
				952CC0DC2B0231CE0036BABF /* GoogleMapsBase.xcframework */,
			);
			name = Frameworks;
			sourceTree = "<group>";
		};
/* End PBXGroup section */

/* Begin PBXNativeTarget section */
		952CC0C92B022E9A0036BABF /* SkifTestDmitriev */ = {
			isa = PBXNativeTarget;
			buildConfigurationList = 952CC0D82B022E9C0036BABF /* Build configuration list for PBXNativeTarget "SkifTestDmitriev" */;
			buildPhases = (
				952CC0C62B022E9A0036BABF /* Sources */,
				952CC0C72B022E9A0036BABF /* Frameworks */,
				952CC0C82B022E9A0036BABF /* Resources */,
				952CC0DF2B0231CE0036BABF /* Embed Frameworks */,
			);
			buildRules = (
			);
			dependencies = (
			);
			name = SkifTestDmitriev;
			productName = SkifTestDmitriev;
			productReference = 952CC0CA2B022E9A0036BABF /* SkifTestDmitriev.app */;
			productType = "com.apple.product-type.application";
		};
/* End PBXNativeTarget section */

/* Begin PBXProject section */
		952CC0C22B022E9A0036BABF /* Project object */ = {
			isa = PBXProject;
			attributes = {
				BuildIndependentTargetsInParallel = 1;
				LastSwiftUpdateCheck = 1430;
				LastUpgradeCheck = 1430;
				TargetAttributes = {
					952CC0C92B022E9A0036BABF = {
						CreatedOnToolsVersion = 14.3.1;
					};
				};
			};
			buildConfigurationList = 952CC0C52B022E9A0036BABF /* Build configuration list for PBXProject "SkifTestDmitriev" */;
			compatibilityVersion = "Xcode 14.0";
			developmentRegion = en;
			hasScannedForEncodings = 0;
			knownRegions = (
				en,
				Base,
			);
			mainGroup = 952CC0C12B022E9A0036BABF;
			productRefGroup = 952CC0CB2B022E9A0036BABF /* Products */;
			projectDirPath = "";
			projectRoot = "";
			targets = (
				952CC0C92B022E9A0036BABF /* SkifTestDmitriev */,
			);
		};
/* End PBXProject section */

/* Begin PBXResourcesBuildPhase section */
		952CC0C82B022E9A0036BABF /* Resources */ = {
			isa = PBXResourcesBuildPhase;
			buildActionMask = 2147483647;
			files = (
				952CC10A2B0235C10036BABF /* GooglePlaces.bundle in Resources */,
				952CC0E72B0232280036BABF /* GoogleMaps.bundle in Resources */,
				952CC0D52B022E9C0036BABF /* Preview Assets.xcassets in Resources */,
				952CC0D22B022E9C0036BABF /* Assets.xcassets in Resources */,
			);
			runOnlyForDeploymentPostprocessing = 0;
		};
/* End PBXResourcesBuildPhase section */

/* Begin PBXSourcesBuildPhase section */
		952CC0C62B022E9A0036BABF /* Sources */ = {
			isa = PBXSourcesBuildPhase;
			buildActionMask = 2147483647;
			files = (
				952CC0D02B022E9A0036BABF /* ContentView.swift in Sources */,
				952CC0CE2B022E9A0036BABF /* SkifTestDmitrievApp.swift in Sources */,
			);
			runOnlyForDeploymentPostprocessing = 0;
		};
/* End PBXSourcesBuildPhase section */

/* Begin XCBuildConfiguration section */
		952CC0D62B022E9C0036BABF /* Debug */ = {
			isa = XCBuildConfiguration;
			buildSettings = {
				ALWAYS_SEARCH_USER_PATHS = NO;
				CLANG_ANALYZER_NONNULL = YES;
				CLANG_ANALYZER_NUMBER_OBJECT_CONVERSION = YES_AGGRESSIVE;
				CLANG_CXX_LANGUAGE_STANDARD = "gnu++20";
				CLANG_ENABLE_MODULES = YES;
				CLANG_ENABLE_OBJC_ARC = YES;
				CLANG_ENABLE_OBJC_WEAK = YES;
				CLANG_WARN_BLOCK_CAPTURE_AUTORELEASING = YES;
				CLANG_WARN_BOOL_CONVERSION = YES;
				CLANG_WARN_COMMA = YES;
				CLANG_WARN_CONSTANT_CONVERSION = YES;
				CLANG_WARN_DEPRECATED_OBJC_IMPLEMENTATIONS = YES;
				CLANG_WARN_DIRECT_OBJC_ISA_USAGE = YES_ERROR;
				CLANG_WARN_DOCUMENTATION_COMMENTS = YES;
				CLANG_WARN_EMPTY_BODY = YES;
				CLANG_WARN_ENUM_CONVERSION = YES;
				CLANG_WARN_INFINITE_RECURSION = YES;
				CLANG_WARN_INT_CONVERSION = YES;
				CLANG_WARN_NON_LITERAL_NULL_CONVERSION = YES;
				CLANG_WARN_OBJC_IMPLICIT_RETAIN_SELF = YES;
				CLANG_WARN_OBJC_LITERAL_CONVERSION = YES;
				CLANG_WARN_OBJC_ROOT_CLASS = YES_ERROR;
				CLANG_WARN_QUOTED_INCLUDE_IN_FRAMEWORK_HEADER = YES;
				CLANG_WARN_RANGE_LOOP_ANALYSIS = YES;
				CLANG_WARN_STRICT_PROTOTYPES = YES;
				CLANG_WARN_SUSPICIOUS_MOVE = YES;
				CLANG_WARN_UNGUARDED_AVAILABILITY = YES_AGGRESSIVE;
				CLANG_WARN_UNREACHABLE_CODE = YES;
				CLANG_WARN__DUPLICATE_METHOD_MATCH = YES;
				COPY_PHASE_STRIP = NO;
				DEBUG_INFORMATION_FORMAT = dwarf;
				ENABLE_STRICT_OBJC_MSGSEND = YES;
				ENABLE_TESTABILITY = YES;
				GCC_C_LANGUAGE_STANDARD = gnu11;
				GCC_DYNAMIC_NO_PIC = NO;
				GCC_NO_COMMON_BLOCKS = YES;
				GCC_OPTIMIZATION_LEVEL = 0;
				GCC_PREPROCESSOR_DEFINITIONS = (
					"DEBUG=1",
					"$(inherited)",
				);
				GCC_WARN_64_TO_32_BIT_CONVERSION = YES;
				GCC_WARN_ABOUT_RETURN_TYPE = YES_ERROR;
				GCC_WARN_UNDECLARED_SELECTOR = YES;
				GCC_WARN_UNINITIALIZED_AUTOS = YES_AGGRESSIVE;
				GCC_WARN_UNUSED_FUNCTION = YES;
				GCC_WARN_UNUSED_VARIABLE = YES;
				IPHONEOS_DEPLOYMENT_TARGET = 16.4;
				MTL_ENABLE_DEBUG_INFO = INCLUDE_SOURCE;
				MTL_FAST_MATH = YES;
				ONLY_ACTIVE_ARCH = YES;
				SDKROOT = iphoneos;
				SWIFT_ACTIVE_COMPILATION_CONDITIONS = DEBUG;
				SWIFT_OPTIMIZATION_LEVEL = "-Onone";
			};
			name = Debug;
		};
		952CC0D72B022E9C0036BABF /* Release */ = {
			isa = XCBuildConfiguration;
			buildSettings = {
				ALWAYS_SEARCH_USER_PATHS = NO;
				CLANG_ANALYZER_NONNULL = YES;
				CLANG_ANALYZER_NUMBER_OBJECT_CONVERSION = YES_AGGRESSIVE;
				CLANG_CXX_LANGUAGE_STANDARD = "gnu++20";
				CLANG_ENABLE_MODULES = YES;
				CLANG_ENABLE_OBJC_ARC = YES;
				CLANG_ENABLE_OBJC_WEAK = YES;
				CLANG_WARN_BLOCK_CAPTURE_AUTORELEASING = YES;
				CLANG_WARN_BOOL_CONVERSION = YES;
				CLANG_WARN_COMMA = YES;
				CLANG_WARN_CONSTANT_CONVERSION = YES;
				CLANG_WARN_DEPRECATED_OBJC_IMPLEMENTATIONS = YES;
				CLANG_WARN_DIRECT_OBJC_ISA_USAGE = YES_ERROR;
				CLANG_WARN_DOCUMENTATION_COMMENTS = YES;
				CLANG_WARN_EMPTY_BODY = YES;
				CLANG_WARN_ENUM_CONVERSION = YES;
				CLANG_WARN_INFINITE_RECURSION = YES;
				CLANG_WARN_INT_CONVERSION = YES;
				CLANG_WARN_NON_LITERAL_NULL_CONVERSION = YES;
				CLANG_WARN_OBJC_IMPLICIT_RETAIN_SELF = YES;
				CLANG_WARN_OBJC_LITERAL_CONVERSION = YES;
				CLANG_WARN_OBJC_ROOT_CLASS = YES_ERROR;
				CLANG_WARN_QUOTED_INCLUDE_IN_FRAMEWORK_HEADER = YES;
				CLANG_WARN_RANGE_LOOP_ANALYSIS = YES;
				CLANG_WARN_STRICT_PROTOTYPES = YES;
				CLANG_WARN_SUSPICIOUS_MOVE = YES;
				CLANG_WARN_UNGUARDED_AVAILABILITY = YES_AGGRESSIVE;
				CLANG_WARN_UNREACHABLE_CODE = YES;
				CLANG_WARN__DUPLICATE_METHOD_MATCH = YES;
				COPY_PHASE_STRIP = NO;
				DEBUG_INFORMATION_FORMAT = "dwarf-with-dsym";
				ENABLE_NS_ASSERTIONS = NO;
				ENABLE_STRICT_OBJC_MSGSEND = YES;
				GCC_C_LANGUAGE_STANDARD = gnu11;
				GCC_NO_COMMON_BLOCKS = YES;
				GCC_WARN_64_TO_32_BIT_CONVERSION = YES;
				GCC_WARN_ABOUT_RETURN_TYPE = YES_ERROR;
				GCC_WARN_UNDECLARED_SELECTOR = YES;
				GCC_WARN_UNINITIALIZED_AUTOS = YES_AGGRESSIVE;
				GCC_WARN_UNUSED_FUNCTION = YES;
				GCC_WARN_UNUSED_VARIABLE = YES;
				IPHONEOS_DEPLOYMENT_TARGET = 16.4;
				MTL_ENABLE_DEBUG_INFO = NO;
				MTL_FAST_MATH = YES;
				SDKROOT = iphoneos;
				SWIFT_COMPILATION_MODE = wholemodule;
				SWIFT_OPTIMIZATION_LEVEL = "-O";
				VALIDATE_PRODUCT = YES;
			};
			name = Release;
		};
		952CC0D92B022E9C0036BABF /* Debug */ = {
			isa = XCBuildConfiguration;
			buildSettings = {
				ASSETCATALOG_COMPILER_APPICON_NAME = AppIcon;
				ASSETCATALOG_COMPILER_GLOBAL_ACCENT_COLOR_NAME = AccentColor;
				CODE_SIGN_STYLE = Automatic;
				CURRENT_PROJECT_VERSION = 1;
				DEVELOPMENT_ASSET_PATHS = "\"SkifTestDmitriev/Preview Content\"";
				DEVELOPMENT_TEAM = TNTX3799P3;
				ENABLE_PREVIEWS = YES;
				GENERATE_INFOPLIST_FILE = YES;
				INFOPLIST_KEY_UIApplicationSceneManifest_Generation = YES;
				INFOPLIST_KEY_UIApplicationSupportsIndirectInputEvents = YES;
				INFOPLIST_KEY_UILaunchScreen_Generation = YES;
				INFOPLIST_KEY_UISupportedInterfaceOrientations = UIInterfaceOrientationPortrait;
				INFOPLIST_KEY_UISupportedInterfaceOrientations_iPad = "UIInterfaceOrientationLandscapeLeft UIInterfaceOrientationLandscapeRight UIInterfaceOrientationPortrait UIInterfaceOrientationPortraitUpsideDown";
				LD_RUNPATH_SEARCH_PATHS = (
					"$(inherited)",
					"@executable_path/Frameworks",
				);
				MARKETING_VERSION = 1.0;
				OTHER_LDFLAGS = "-ObjC";
				PRODUCT_BUNDLE_IDENTIFIER = DenisDmitriev.SkifTestDmitriev;
				PRODUCT_NAME = "$(TARGET_NAME)";
				SUPPORTED_PLATFORMS = "iphoneos iphonesimulator";
				SUPPORTS_MACCATALYST = NO;
				SUPPORTS_MAC_DESIGNED_FOR_IPHONE_IPAD = NO;
				SWIFT_EMIT_LOC_STRINGS = YES;
				SWIFT_VERSION = 5.0;
				TARGETED_DEVICE_FAMILY = 1;
			};
			name = Debug;
		};
		952CC0DA2B022E9C0036BABF /* Release */ = {
			isa = XCBuildConfiguration;
			buildSettings = {
				ASSETCATALOG_COMPILER_APPICON_NAME = AppIcon;
				ASSETCATALOG_COMPILER_GLOBAL_ACCENT_COLOR_NAME = AccentColor;
				CODE_SIGN_STYLE = Automatic;
				CURRENT_PROJECT_VERSION = 1;
				DEVELOPMENT_ASSET_PATHS = "\"SkifTestDmitriev/Preview Content\"";
				DEVELOPMENT_TEAM = TNTX3799P3;
				ENABLE_PREVIEWS = YES;
				GENERATE_INFOPLIST_FILE = YES;
				INFOPLIST_KEY_UIApplicationSceneManifest_Generation = YES;
				INFOPLIST_KEY_UIApplicationSupportsIndirectInputEvents = YES;
				INFOPLIST_KEY_UILaunchScreen_Generation = YES;
				INFOPLIST_KEY_UISupportedInterfaceOrientations = UIInterfaceOrientationPortrait;
				INFOPLIST_KEY_UISupportedInterfaceOrientations_iPad = "UIInterfaceOrientationLandscapeLeft UIInterfaceOrientationLandscapeRight UIInterfaceOrientationPortrait UIInterfaceOrientationPortraitUpsideDown";
				LD_RUNPATH_SEARCH_PATHS = (
					"$(inherited)",
					"@executable_path/Frameworks",
				);
				MARKETING_VERSION = 1.0;
				OTHER_LDFLAGS = "-ObjC";
				PRODUCT_BUNDLE_IDENTIFIER = DenisDmitriev.SkifTestDmitriev;
				PRODUCT_NAME = "$(TARGET_NAME)";
				SUPPORTED_PLATFORMS = "iphoneos iphonesimulator";
				SUPPORTS_MACCATALYST = NO;
				SUPPORTS_MAC_DESIGNED_FOR_IPHONE_IPAD = NO;
				SWIFT_EMIT_LOC_STRINGS = YES;
				SWIFT_VERSION = 5.0;
				TARGETED_DEVICE_FAMILY = 1;
			};
			name = Release;
		};
/* End XCBuildConfiguration section */

/* Begin XCConfigurationList section */
		952CC0C52B022E9A0036BABF /* Build configuration list for PBXProject "SkifTestDmitriev" */ = {
			isa = XCConfigurationList;
			buildConfigurations = (
				952CC0D62B022E9C0036BABF /* Debug */,
				952CC0D72B022E9C0036BABF /* Release */,
			);
			defaultConfigurationIsVisible = 0;
			defaultConfigurationName = Release;
		};
		952CC0D82B022E9C0036BABF /* Build configuration list for PBXNativeTarget "SkifTestDmitriev" */ = {
			isa = XCConfigurationList;
			buildConfigurations = (
				952CC0D92B022E9C0036BABF /* Debug */,
				952CC0DA2B022E9C0036BABF /* Release */,
			);
			defaultConfigurationIsVisible = 0;
			defaultConfigurationName = Release;
		};
/* End XCConfigurationList section */
	};
	rootObject = 952CC0C22B022E9A0036BABF /* Project object */;
}
